// !$*UTF8*$!
{
	archiveVersion = 1;
	classes = {
	};
	objectVersion = 48;
	objects = {

/* Begin PBXBuildFile section */
		2E7A1A210C122D2F898460E1 /* Pods_HUPageController_Example.framework in Frameworks */ = {isa = PBXBuildFile; fileRef = B2BA6053D863F68CD15E2FB3 /* Pods_HUPageController_Example.framework */; };
		607FACD61AFB9204008FA782 /* AppDelegate.swift in Sources */ = {isa = PBXBuildFile; fileRef = 607FACD51AFB9204008FA782 /* AppDelegate.swift */; };
		607FACDB1AFB9204008FA782 /* Main.storyboard in Resources */ = {isa = PBXBuildFile; fileRef = 607FACD91AFB9204008FA782 /* Main.storyboard */; };
		607FACDD1AFB9204008FA782 /* Images.xcassets in Resources */ = {isa = PBXBuildFile; fileRef = 607FACDC1AFB9204008FA782 /* Images.xcassets */; };
		607FACE01AFB9204008FA782 /* LaunchScreen.xib in Resources */ = {isa = PBXBuildFile; fileRef = 607FACDE1AFB9204008FA782 /* LaunchScreen.xib */; };
		607FACEC1AFB9204008FA782 /* Tests.swift in Sources */ = {isa = PBXBuildFile; fileRef = 607FACEB1AFB9204008FA782 /* Tests.swift */; };
		61A8EE7B2046459900B6029A /* DemoCoverController.swift in Sources */ = {isa = PBXBuildFile; fileRef = 61A8EE672046459800B6029A /* DemoCoverController.swift */; };
		61A8EE7C2046459900B6029A /* MultiColumnCell.swift in Sources */ = {isa = PBXBuildFile; fileRef = 61A8EE6A2046459900B6029A /* MultiColumnCell.swift */; };
		61A8EE7D2046459900B6029A /* MultiColumnDataProvider.swift in Sources */ = {isa = PBXBuildFile; fileRef = 61A8EE6B2046459900B6029A /* MultiColumnDataProvider.swift */; };
		61A8EE7E2046459900B6029A /* MultiColumnHeaderView.swift in Sources */ = {isa = PBXBuildFile; fileRef = 61A8EE6C2046459900B6029A /* MultiColumnHeaderView.swift */; };
		61A8EE7F2046459900B6029A /* MultiColumnViewController.swift in Sources */ = {isa = PBXBuildFile; fileRef = 61A8EE6D2046459900B6029A /* MultiColumnViewController.swift */; };
		61A8EE802046459900B6029A /* OneColumnCell.swift in Sources */ = {isa = PBXBuildFile; fileRef = 61A8EE6F2046459900B6029A /* OneColumnCell.swift */; };
		61A8EE812046459900B6029A /* OneColumnDataProvider.swift in Sources */ = {isa = PBXBuildFile; fileRef = 61A8EE702046459900B6029A /* OneColumnDataProvider.swift */; };
		61A8EE822046459900B6029A /* OneColumnHeaderView.swift in Sources */ = {isa = PBXBuildFile; fileRef = 61A8EE712046459900B6029A /* OneColumnHeaderView.swift */; };
		61A8EE832046459900B6029A /* OneColumnViewController.swift in Sources */ = {isa = PBXBuildFile; fileRef = 61A8EE722046459900B6029A /* OneColumnViewController.swift */; };
		61A8EE842046459900B6029A /* Reusable.swift in Sources */ = {isa = PBXBuildFile; fileRef = 61A8EE742046459900B6029A /* Reusable.swift */; };
		61A8EE852046459900B6029A /* DemoTabController.swift in Sources */ = {isa = PBXBuildFile; fileRef = 61A8EE762046459900B6029A /* DemoTabController.swift */; };
		61A8EE862046459900B6029A /* DemoTabDataProvider.swift in Sources */ = {isa = PBXBuildFile; fileRef = 61A8EE772046459900B6029A /* DemoTabDataProvider.swift */; };
		61A8EE8C2046461700B6029A /* MenuDataProvider.swift in Sources */ = {isa = PBXBuildFile; fileRef = 61A8EE8A2046461700B6029A /* MenuDataProvider.swift */; };
		61A8EE8D2046461700B6029A /* ViewController.swift in Sources */ = {isa = PBXBuildFile; fileRef = 61A8EE8B2046461700B6029A /* ViewController.swift */; };
		9D9CAF8621574DDB55B093E2 /* Pods_HUPageController_Tests.framework in Frameworks */ = {isa = PBXBuildFile; fileRef = F87BAF5DDC49770D4747648F /* Pods_HUPageController_Tests.framework */; };
/* End PBXBuildFile section */

/* Begin PBXContainerItemProxy section */
		607FACE61AFB9204008FA782 /* PBXContainerItemProxy */ = {
			isa = PBXContainerItemProxy;
			containerPortal = 607FACC81AFB9204008FA782 /* Project object */;
			proxyType = 1;
			remoteGlobalIDString = 607FACCF1AFB9204008FA782;
			remoteInfo = HUPageController;
		};
/* End PBXContainerItemProxy section */

/* Begin PBXFileReference section */
		274FDE0737ECBCC06FCF78A3 /* HUPageController.podspec */ = {isa = PBXFileReference; includeInIndex = 1; lastKnownFileType = text; name = HUPageController.podspec; path = ../HUPageController.podspec; sourceTree = "<group>"; };
		2AE30A82811EC8EC405B2645 /* README.md */ = {isa = PBXFileReference; includeInIndex = 1; lastKnownFileType = net.daringfireball.markdown; name = README.md; path = ../README.md; sourceTree = "<group>"; };
		607FACD01AFB9204008FA782 /* HUPageController_Example.app */ = {isa = PBXFileReference; explicitFileType = wrapper.application; includeInIndex = 0; path = HUPageController_Example.app; sourceTree = BUILT_PRODUCTS_DIR; };
		607FACD41AFB9204008FA782 /* Info.plist */ = {isa = PBXFileReference; lastKnownFileType = text.plist.xml; path = Info.plist; sourceTree = "<group>"; };
		607FACD51AFB9204008FA782 /* AppDelegate.swift */ = {isa = PBXFileReference; lastKnownFileType = sourcecode.swift; path = AppDelegate.swift; sourceTree = "<group>"; };
		607FACDA1AFB9204008FA782 /* Base */ = {isa = PBXFileReference; lastKnownFileType = file.storyboard; name = Base; path = Base.lproj/Main.storyboard; sourceTree = "<group>"; };
		607FACDC1AFB9204008FA782 /* Images.xcassets */ = {isa = PBXFileReference; lastKnownFileType = folder.assetcatalog; path = Images.xcassets; sourceTree = "<group>"; };
		607FACDF1AFB9204008FA782 /* Base */ = {isa = PBXFileReference; lastKnownFileType = file.xib; name = Base; path = Base.lproj/LaunchScreen.xib; sourceTree = "<group>"; };
		607FACE51AFB9204008FA782 /* HUPageController_Tests.xctest */ = {isa = PBXFileReference; explicitFileType = wrapper.cfbundle; includeInIndex = 0; path = HUPageController_Tests.xctest; sourceTree = BUILT_PRODUCTS_DIR; };
		607FACEA1AFB9204008FA782 /* Info.plist */ = {isa = PBXFileReference; lastKnownFileType = text.plist.xml; path = Info.plist; sourceTree = "<group>"; };
		607FACEB1AFB9204008FA782 /* Tests.swift */ = {isa = PBXFileReference; lastKnownFileType = sourcecode.swift; path = Tests.swift; sourceTree = "<group>"; };
		61A8EE672046459800B6029A /* DemoCoverController.swift */ = {isa = PBXFileReference; fileEncoding = 4; lastKnownFileType = sourcecode.swift; path = DemoCoverController.swift; sourceTree = "<group>"; };
		61A8EE6A2046459900B6029A /* MultiColumnCell.swift */ = {isa = PBXFileReference; fileEncoding = 4; lastKnownFileType = sourcecode.swift; path = MultiColumnCell.swift; sourceTree = "<group>"; };
		61A8EE6B2046459900B6029A /* MultiColumnDataProvider.swift */ = {isa = PBXFileReference; fileEncoding = 4; lastKnownFileType = sourcecode.swift; path = MultiColumnDataProvider.swift; sourceTree = "<group>"; };
		61A8EE6C2046459900B6029A /* MultiColumnHeaderView.swift */ = {isa = PBXFileReference; fileEncoding = 4; lastKnownFileType = sourcecode.swift; path = MultiColumnHeaderView.swift; sourceTree = "<group>"; };
		61A8EE6D2046459900B6029A /* MultiColumnViewController.swift */ = {isa = PBXFileReference; fileEncoding = 4; lastKnownFileType = sourcecode.swift; path = MultiColumnViewController.swift; sourceTree = "<group>"; };
		61A8EE6F2046459900B6029A /* OneColumnCell.swift */ = {isa = PBXFileReference; fileEncoding = 4; lastKnownFileType = sourcecode.swift; path = OneColumnCell.swift; sourceTree = "<group>"; };
		61A8EE702046459900B6029A /* OneColumnDataProvider.swift */ = {isa = PBXFileReference; fileEncoding = 4; lastKnownFileType = sourcecode.swift; path = OneColumnDataProvider.swift; sourceTree = "<group>"; };
		61A8EE712046459900B6029A /* OneColumnHeaderView.swift */ = {isa = PBXFileReference; fileEncoding = 4; lastKnownFileType = sourcecode.swift; path = OneColumnHeaderView.swift; sourceTree = "<group>"; };
		61A8EE722046459900B6029A /* OneColumnViewController.swift */ = {isa = PBXFileReference; fileEncoding = 4; lastKnownFileType = sourcecode.swift; path = OneColumnViewController.swift; sourceTree = "<group>"; };
		61A8EE742046459900B6029A /* Reusable.swift */ = {isa = PBXFileReference; fileEncoding = 4; lastKnownFileType = sourcecode.swift; path = Reusable.swift; sourceTree = "<group>"; };
		61A8EE762046459900B6029A /* DemoTabController.swift */ = {isa = PBXFileReference; fileEncoding = 4; lastKnownFileType = sourcecode.swift; path = DemoTabController.swift; sourceTree = "<group>"; };
		61A8EE772046459900B6029A /* DemoTabDataProvider.swift */ = {isa = PBXFileReference; fileEncoding = 4; lastKnownFileType = sourcecode.swift; path = DemoTabDataProvider.swift; sourceTree = "<group>"; };
		61A8EE8A2046461700B6029A /* MenuDataProvider.swift */ = {isa = PBXFileReference; fileEncoding = 4; lastKnownFileType = sourcecode.swift; path = MenuDataProvider.swift; sourceTree = "<group>"; };
		61A8EE8B2046461700B6029A /* ViewController.swift */ = {isa = PBXFileReference; fileEncoding = 4; lastKnownFileType = sourcecode.swift; path = ViewController.swift; sourceTree = "<group>"; };
		8ECB3CCDD1647C5745B58998 /* Pods-HUPageController_Tests.release.xcconfig */ = {isa = PBXFileReference; includeInIndex = 1; lastKnownFileType = text.xcconfig; name = "Pods-HUPageController_Tests.release.xcconfig"; path = "Pods/Target Support Files/Pods-HUPageController_Tests/Pods-HUPageController_Tests.release.xcconfig"; sourceTree = "<group>"; };
		B165CBE1AA89AFBA4F602661 /* Pods-HUPageController_Example.release.xcconfig */ = {isa = PBXFileReference; includeInIndex = 1; lastKnownFileType = text.xcconfig; name = "Pods-HUPageController_Example.release.xcconfig"; path = "Pods/Target Support Files/Pods-HUPageController_Example/Pods-HUPageController_Example.release.xcconfig"; sourceTree = "<group>"; };
		B2BA6053D863F68CD15E2FB3 /* Pods_HUPageController_Example.framework */ = {isa = PBXFileReference; explicitFileType = wrapper.framework; includeInIndex = 0; path = Pods_HUPageController_Example.framework; sourceTree = BUILT_PRODUCTS_DIR; };
		BFF43A16A5BD9EC5CC49D885 /* LICENSE */ = {isa = PBXFileReference; includeInIndex = 1; lastKnownFileType = text; name = LICENSE; path = ../LICENSE; sourceTree = "<group>"; };
		C9318EB2CC901D8E7B2D874D /* Pods-HUPageController_Tests.debug.xcconfig */ = {isa = PBXFileReference; includeInIndex = 1; lastKnownFileType = text.xcconfig; name = "Pods-HUPageController_Tests.debug.xcconfig"; path = "Pods/Target Support Files/Pods-HUPageController_Tests/Pods-HUPageController_Tests.debug.xcconfig"; sourceTree = "<group>"; };
		DD0B763467950DDAAF941FD0 /* Pods-HUPageController_Example.debug.xcconfig */ = {isa = PBXFileReference; includeInIndex = 1; lastKnownFileType = text.xcconfig; name = "Pods-HUPageController_Example.debug.xcconfig"; path = "Pods/Target Support Files/Pods-HUPageController_Example/Pods-HUPageController_Example.debug.xcconfig"; sourceTree = "<group>"; };
		F87BAF5DDC49770D4747648F /* Pods_HUPageController_Tests.framework */ = {isa = PBXFileReference; explicitFileType = wrapper.framework; includeInIndex = 0; path = Pods_HUPageController_Tests.framework; sourceTree = BUILT_PRODUCTS_DIR; };
/* End PBXFileReference section */

/* Begin PBXFrameworksBuildPhase section */
		607FACCD1AFB9204008FA782 /* Frameworks */ = {
			isa = PBXFrameworksBuildPhase;
			buildActionMask = 2147483647;
			files = (
				2E7A1A210C122D2F898460E1 /* Pods_HUPageController_Example.framework in Frameworks */,
			);
			runOnlyForDeploymentPostprocessing = 0;
		};
		607FACE21AFB9204008FA782 /* Frameworks */ = {
			isa = PBXFrameworksBuildPhase;
			buildActionMask = 2147483647;
			files = (
				9D9CAF8621574DDB55B093E2 /* Pods_HUPageController_Tests.framework in Frameworks */,
			);
			runOnlyForDeploymentPostprocessing = 0;
		};
/* End PBXFrameworksBuildPhase section */

/* Begin PBXGroup section */
		38D4913FF82A28A9A01B597B /* Pods */ = {
			isa = PBXGroup;
			children = (
				DD0B763467950DDAAF941FD0 /* Pods-HUPageController_Example.debug.xcconfig */,
				B165CBE1AA89AFBA4F602661 /* Pods-HUPageController_Example.release.xcconfig */,
				C9318EB2CC901D8E7B2D874D /* Pods-HUPageController_Tests.debug.xcconfig */,
				8ECB3CCDD1647C5745B58998 /* Pods-HUPageController_Tests.release.xcconfig */,
			);
			name = Pods;
			sourceTree = "<group>";
		};
		607FACC71AFB9204008FA782 = {
			isa = PBXGroup;
			children = (
				607FACF51AFB993E008FA782 /* Podspec Metadata */,
				607FACD21AFB9204008FA782 /* Example for HUPageController */,
				607FACE81AFB9204008FA782 /* Tests */,
				607FACD11AFB9204008FA782 /* Products */,
				38D4913FF82A28A9A01B597B /* Pods */,
				A390241410AA199F3C9DE1D8 /* Frameworks */,
			);
			sourceTree = "<group>";
		};
		607FACD11AFB9204008FA782 /* Products */ = {
			isa = PBXGroup;
			children = (
				607FACD01AFB9204008FA782 /* HUPageController_Example.app */,
				607FACE51AFB9204008FA782 /* HUPageController_Tests.xctest */,
			);
			name = Products;
			sourceTree = "<group>";
		};
		607FACD21AFB9204008FA782 /* Example for HUPageController */ = {
			isa = PBXGroup;
			children = (
				607FACD51AFB9204008FA782 /* AppDelegate.swift */,
				61A8EE682046459800B6029A /* Base */,
				61A8EE662046459800B6029A /* Cover */,
				61A8EE892046461700B6029A /* Main */,
				61A8EE732046459900B6029A /* Public */,
				61A8EE752046459900B6029A /* Tab */,
				607FACD91AFB9204008FA782 /* Main.storyboard */,
				607FACDC1AFB9204008FA782 /* Images.xcassets */,
				607FACDE1AFB9204008FA782 /* LaunchScreen.xib */,
				607FACD31AFB9204008FA782 /* Supporting Files */,
			);
			name = "Example for HUPageController";
			path = HUPageController;
			sourceTree = "<group>";
		};
		607FACD31AFB9204008FA782 /* Supporting Files */ = {
			isa = PBXGroup;
			children = (
				607FACD41AFB9204008FA782 /* Info.plist */,
			);
			name = "Supporting Files";
			sourceTree = "<group>";
		};
		607FACE81AFB9204008FA782 /* Tests */ = {
			isa = PBXGroup;
			children = (
				607FACEB1AFB9204008FA782 /* Tests.swift */,
				607FACE91AFB9204008FA782 /* Supporting Files */,
			);
			path = Tests;
			sourceTree = "<group>";
		};
		607FACE91AFB9204008FA782 /* Supporting Files */ = {
			isa = PBXGroup;
			children = (
				607FACEA1AFB9204008FA782 /* Info.plist */,
			);
			name = "Supporting Files";
			sourceTree = "<group>";
		};
		607FACF51AFB993E008FA782 /* Podspec Metadata */ = {
			isa = PBXGroup;
			children = (
				274FDE0737ECBCC06FCF78A3 /* HUPageController.podspec */,
				2AE30A82811EC8EC405B2645 /* README.md */,
				BFF43A16A5BD9EC5CC49D885 /* LICENSE */,
			);
			name = "Podspec Metadata";
			sourceTree = "<group>";
		};
		61A8EE662046459800B6029A /* Cover */ = {
			isa = PBXGroup;
			children = (
				61A8EE672046459800B6029A /* DemoCoverController.swift */,
			);
			path = Cover;
			sourceTree = "<group>";
		};
		61A8EE682046459800B6029A /* Base */ = {
			isa = PBXGroup;
			children = (
				61A8EE692046459900B6029A /* MultiColumn */,
				61A8EE6E2046459900B6029A /* OneColumn */,
			);
			path = Base;
			sourceTree = "<group>";
		};
		61A8EE692046459900B6029A /* MultiColumn */ = {
			isa = PBXGroup;
			children = (
				61A8EE6A2046459900B6029A /* MultiColumnCell.swift */,
				61A8EE6B2046459900B6029A /* MultiColumnDataProvider.swift */,
				61A8EE6C2046459900B6029A /* MultiColumnHeaderView.swift */,
				61A8EE6D2046459900B6029A /* MultiColumnViewController.swift */,
			);
			path = MultiColumn;
			sourceTree = "<group>";
		};
		61A8EE6E2046459900B6029A /* OneColumn */ = {
			isa = PBXGroup;
			children = (
				61A8EE6F2046459900B6029A /* OneColumnCell.swift */,
				61A8EE702046459900B6029A /* OneColumnDataProvider.swift */,
				61A8EE712046459900B6029A /* OneColumnHeaderView.swift */,
				61A8EE722046459900B6029A /* OneColumnViewController.swift */,
			);
			path = OneColumn;
			sourceTree = "<group>";
		};
		61A8EE732046459900B6029A /* Public */ = {
			isa = PBXGroup;
			children = (
				61A8EE742046459900B6029A /* Reusable.swift */,
			);
			path = Public;
			sourceTree = "<group>";
		};
		61A8EE752046459900B6029A /* Tab */ = {
			isa = PBXGroup;
			children = (
				61A8EE762046459900B6029A /* DemoTabController.swift */,
				61A8EE772046459900B6029A /* DemoTabDataProvider.swift */,
			);
			path = Tab;
			sourceTree = "<group>";
		};
		61A8EE892046461700B6029A /* Main */ = {
			isa = PBXGroup;
			children = (
				61A8EE8A2046461700B6029A /* MenuDataProvider.swift */,
				61A8EE8B2046461700B6029A /* ViewController.swift */,
			);
			path = Main;
			sourceTree = "<group>";
		};
		A390241410AA199F3C9DE1D8 /* Frameworks */ = {
			isa = PBXGroup;
			children = (
				B2BA6053D863F68CD15E2FB3 /* Pods_HUPageController_Example.framework */,
				F87BAF5DDC49770D4747648F /* Pods_HUPageController_Tests.framework */,
			);
			name = Frameworks;
			sourceTree = "<group>";
		};
/* End PBXGroup section */

/* Begin PBXNativeTarget section */
		607FACCF1AFB9204008FA782 /* HUPageController_Example */ = {
			isa = PBXNativeTarget;
			buildConfigurationList = 607FACEF1AFB9204008FA782 /* Build configuration list for PBXNativeTarget "HUPageController_Example" */;
			buildPhases = (
				E4B3923683A9E4ED0D127825 /* [CP] Check Pods Manifest.lock */,
				607FACCC1AFB9204008FA782 /* Sources */,
				607FACCD1AFB9204008FA782 /* Frameworks */,
				607FACCE1AFB9204008FA782 /* Resources */,
				7DD8148C5AAEFD2C661A3459 /* [CP] Embed Pods Frameworks */,
				91F1381C2C1BE148BA36AEA8 /* [CP] Copy Pods Resources */,
			);
			buildRules = (
			);
			dependencies = (
			);
			name = HUPageController_Example;
			productName = HUPageController;
			productReference = 607FACD01AFB9204008FA782 /* HUPageController_Example.app */;
			productType = "com.apple.product-type.application";
		};
		607FACE41AFB9204008FA782 /* HUPageController_Tests */ = {
			isa = PBXNativeTarget;
			buildConfigurationList = 607FACF21AFB9204008FA782 /* Build configuration list for PBXNativeTarget "HUPageController_Tests" */;
			buildPhases = (
				541103AFFE8E7BE63D1E6F9F /* [CP] Check Pods Manifest.lock */,
				607FACE11AFB9204008FA782 /* Sources */,
				607FACE21AFB9204008FA782 /* Frameworks */,
				607FACE31AFB9204008FA782 /* Resources */,
				BA0A058712427A71A4F44CCA /* [CP] Embed Pods Frameworks */,
				9489651CA86238B88369AC5F /* [CP] Copy Pods Resources */,
			);
			buildRules = (
			);
			dependencies = (
				607FACE71AFB9204008FA782 /* PBXTargetDependency */,
			);
			name = HUPageController_Tests;
			productName = Tests;
			productReference = 607FACE51AFB9204008FA782 /* HUPageController_Tests.xctest */;
			productType = "com.apple.product-type.bundle.unit-test";
		};
/* End PBXNativeTarget section */

/* Begin PBXProject section */
		607FACC81AFB9204008FA782 /* Project object */ = {
			isa = PBXProject;
			attributes = {
				LastSwiftUpdateCheck = 0830;
				LastUpgradeCheck = 0830;
				ORGANIZATIONNAME = Qiusuo8;
				TargetAttributes = {
					607FACCF1AFB9204008FA782 = {
						CreatedOnToolsVersion = 6.3.1;
						LastSwiftMigration = 0900;
					};
					607FACE41AFB9204008FA782 = {
						CreatedOnToolsVersion = 6.3.1;
						LastSwiftMigration = 0900;
						TestTargetID = 607FACCF1AFB9204008FA782;
					};
				};
			};
			buildConfigurationList = 607FACCB1AFB9204008FA782 /* Build configuration list for PBXProject "HUPageController" */;
			compatibilityVersion = "Xcode 8.0";
			developmentRegion = English;
			hasScannedForEncodings = 0;
			knownRegions = (
				en,
				Base,
			);
			mainGroup = 607FACC71AFB9204008FA782;
			productRefGroup = 607FACD11AFB9204008FA782 /* Products */;
			projectDirPath = "";
			projectRoot = "";
			targets = (
				607FACCF1AFB9204008FA782 /* HUPageController_Example */,
				607FACE41AFB9204008FA782 /* HUPageController_Tests */,
			);
		};
/* End PBXProject section */

/* Begin PBXResourcesBuildPhase section */
		607FACCE1AFB9204008FA782 /* Resources */ = {
			isa = PBXResourcesBuildPhase;
			buildActionMask = 2147483647;
			files = (
				607FACDB1AFB9204008FA782 /* Main.storyboard in Resources */,
				607FACE01AFB9204008FA782 /* LaunchScreen.xib in Resources */,
				607FACDD1AFB9204008FA782 /* Images.xcassets in Resources */,
			);
			runOnlyForDeploymentPostprocessing = 0;
		};
		607FACE31AFB9204008FA782 /* Resources */ = {
			isa = PBXResourcesBuildPhase;
			buildActionMask = 2147483647;
			files = (
			);
			runOnlyForDeploymentPostprocessing = 0;
		};
/* End PBXResourcesBuildPhase section */

/* Begin PBXShellScriptBuildPhase section */
		541103AFFE8E7BE63D1E6F9F /* [CP] Check Pods Manifest.lock */ = {
			isa = PBXShellScriptBuildPhase;
			buildActionMask = 2147483647;
			files = (
			);
			inputPaths = (
			);
			name = "[CP] Check Pods Manifest.lock";
			outputPaths = (
			);
			runOnlyForDeploymentPostprocessing = 0;
			shellPath = /bin/sh;
			shellScript = "diff \"${PODS_PODFILE_DIR_PATH}/Podfile.lock\" \"${PODS_ROOT}/Manifest.lock\" > /dev/null\nif [ $? != 0 ] ; then\n    # print error to STDERR\n    echo \"error: The sandbox is not in sync with the Podfile.lock. Run 'pod install' or update your CocoaPods installation.\" >&2\n    exit 1\nfi\n";
			showEnvVarsInLog = 0;
		};
		7DD8148C5AAEFD2C661A3459 /* [CP] Embed Pods Frameworks */ = {
			isa = PBXShellScriptBuildPhase;
			buildActionMask = 2147483647;
			files = (
			);
			inputPaths = (
			);
			name = "[CP] Embed Pods Frameworks";
			outputPaths = (
			);
			runOnlyForDeploymentPostprocessing = 0;
			shellPath = /bin/sh;
			shellScript = "\"${SRCROOT}/Pods/Target Support Files/Pods-HUPageController_Example/Pods-HUPageController_Example-frameworks.sh\"\n";
			showEnvVarsInLog = 0;
		};
		91F1381C2C1BE148BA36AEA8 /* [CP] Copy Pods Resources */ = {
			isa = PBXShellScriptBuildPhase;
			buildActionMask = 2147483647;
			files = (
			);
			inputPaths = (
			);
			name = "[CP] Copy Pods Resources";
			outputPaths = (
			);
			runOnlyForDeploymentPostprocessing = 0;
			shellPath = /bin/sh;
			shellScript = "\"${SRCROOT}/Pods/Target Support Files/Pods-HUPageController_Example/Pods-HUPageController_Example-resources.sh\"\n";
			showEnvVarsInLog = 0;
		};
		9489651CA86238B88369AC5F /* [CP] Copy Pods Resources */ = {
			isa = PBXShellScriptBuildPhase;
			buildActionMask = 2147483647;
			files = (
			);
			inputPaths = (
			);
			name = "[CP] Copy Pods Resources";
			outputPaths = (
			);
			runOnlyForDeploymentPostprocessing = 0;
			shellPath = /bin/sh;
			shellScript = "\"${SRCROOT}/Pods/Target Support Files/Pods-HUPageController_Tests/Pods-HUPageController_Tests-resources.sh\"\n";
			showEnvVarsInLog = 0;
		};
		BA0A058712427A71A4F44CCA /* [CP] Embed Pods Frameworks */ = {
			isa = PBXShellScriptBuildPhase;
			buildActionMask = 2147483647;
			files = (
			);
			inputPaths = (
			);
			name = "[CP] Embed Pods Frameworks";
			outputPaths = (
			);
			runOnlyForDeploymentPostprocessing = 0;
			shellPath = /bin/sh;
			shellScript = "\"${SRCROOT}/Pods/Target Support Files/Pods-HUPageController_Tests/Pods-HUPageController_Tests-frameworks.sh\"\n";
			showEnvVarsInLog = 0;
		};
		E4B3923683A9E4ED0D127825 /* [CP] Check Pods Manifest.lock */ = {
			isa = PBXShellScriptBuildPhase;
			buildActionMask = 2147483647;
			files = (
			);
			inputPaths = (
			);
			name = "[CP] Check Pods Manifest.lock";
			outputPaths = (
			);
			runOnlyForDeploymentPostprocessing = 0;
			shellPath = /bin/sh;
			shellScript = "diff \"${PODS_PODFILE_DIR_PATH}/Podfile.lock\" \"${PODS_ROOT}/Manifest.lock\" > /dev/null\nif [ $? != 0 ] ; then\n    # print error to STDERR\n    echo \"error: The sandbox is not in sync with the Podfile.lock. Run 'pod install' or update your CocoaPods installation.\" >&2\n    exit 1\nfi\n";
			showEnvVarsInLog = 0;
		};
/* End PBXShellScriptBuildPhase section */

/* Begin PBXSourcesBuildPhase section */
		607FACCC1AFB9204008FA782 /* Sources */ = {
			isa = PBXSourcesBuildPhase;
			buildActionMask = 2147483647;
			files = (
				61A8EE8D2046461700B6029A /* ViewController.swift in Sources */,
				61A8EE842046459900B6029A /* Reusable.swift in Sources */,
				61A8EE812046459900B6029A /* OneColumnDataProvider.swift in Sources */,
				61A8EE862046459900B6029A /* DemoTabDataProvider.swift in Sources */,
				61A8EE7C2046459900B6029A /* MultiColumnCell.swift in Sources */,
				61A8EE852046459900B6029A /* DemoTabController.swift in Sources */,
				61A8EE7B2046459900B6029A /* DemoCoverController.swift in Sources */,
				61A8EE7E2046459900B6029A /* MultiColumnHeaderView.swift in Sources */,
				607FACD61AFB9204008FA782 /* AppDelegate.swift in Sources */,
				61A8EE7D2046459900B6029A /* MultiColumnDataProvider.swift in Sources */,
				61A8EE832046459900B6029A /* OneColumnViewController.swift in Sources */,
				61A8EE802046459900B6029A /* OneColumnCell.swift in Sources */,
				61A8EE822046459900B6029A /* OneColumnHeaderView.swift in Sources */,
				61A8EE7F2046459900B6029A /* MultiColumnViewController.swift in Sources */,
				61A8EE8C2046461700B6029A /* MenuDataProvider.swift in Sources */,
			);
			runOnlyForDeploymentPostprocessing = 0;
		};
		607FACE11AFB9204008FA782 /* Sources */ = {
			isa = PBXSourcesBuildPhase;
			buildActionMask = 2147483647;
			files = (
				607FACEC1AFB9204008FA782 /* Tests.swift in Sources */,
			);
			runOnlyForDeploymentPostprocessing = 0;
		};
/* End PBXSourcesBuildPhase section */

/* Begin PBXTargetDependency section */
		607FACE71AFB9204008FA782 /* PBXTargetDependency */ = {
			isa = PBXTargetDependency;
			target = 607FACCF1AFB9204008FA782 /* HUPageController_Example */;
			targetProxy = 607FACE61AFB9204008FA782 /* PBXContainerItemProxy */;
		};
/* End PBXTargetDependency section */

/* Begin PBXVariantGroup section */
		607FACD91AFB9204008FA782 /* Main.storyboard */ = {
			isa = PBXVariantGroup;
			children = (
				607FACDA1AFB9204008FA782 /* Base */,
			);
			name = Main.storyboard;
			sourceTree = "<group>";
		};
		607FACDE1AFB9204008FA782 /* LaunchScreen.xib */ = {
			isa = PBXVariantGroup;
			children = (
				607FACDF1AFB9204008FA782 /* Base */,
			);
			name = LaunchScreen.xib;
			sourceTree = "<group>";
		};
/* End PBXVariantGroup section */

/* Begin XCBuildConfiguration section */
		607FACED1AFB9204008FA782 /* Debug */ = {
			isa = XCBuildConfiguration;
			buildSettings = {
				ALWAYS_SEARCH_USER_PATHS = NO;
				CLANG_CXX_LANGUAGE_STANDARD = "gnu++0x";
				CLANG_CXX_LIBRARY = "libc++";
				CLANG_ENABLE_MODULES = YES;
				CLANG_ENABLE_OBJC_ARC = YES;
				CLANG_WARN_BLOCK_CAPTURE_AUTORELEASING = YES;
				CLANG_WARN_BOOL_CONVERSION = YES;
				CLANG_WARN_COMMA = YES;
				CLANG_WARN_CONSTANT_CONVERSION = YES;
				CLANG_WARN_DIRECT_OBJC_ISA_USAGE = YES_ERROR;
				CLANG_WARN_EMPTY_BODY = YES;
				CLANG_WARN_ENUM_CONVERSION = YES;
				CLANG_WARN_INFINITE_RECURSION = YES;
				CLANG_WARN_INT_CONVERSION = YES;
				CLANG_WARN_NON_LITERAL_NULL_CONVERSION = YES;
				CLANG_WARN_OBJC_LITERAL_CONVERSION = YES;
				CLANG_WARN_OBJC_ROOT_CLASS = YES_ERROR;
				CLANG_WARN_RANGE_LOOP_ANALYSIS = YES;
				CLANG_WARN_STRICT_PROTOTYPES = YES;
				CLANG_WARN_SUSPICIOUS_MOVE = YES;
				CLANG_WARN_UNREACHABLE_CODE = YES;
				CLANG_WARN__DUPLICATE_METHOD_MATCH = YES;
				"CODE_SIGN_IDENTITY[sdk=iphoneos*]" = "iPhone Developer";
				COPY_PHASE_STRIP = NO;
				DEBUG_INFORMATION_FORMAT = "dwarf-with-dsym";
				ENABLE_STRICT_OBJC_MSGSEND = YES;
				ENABLE_TESTABILITY = YES;
				GCC_C_LANGUAGE_STANDARD = gnu99;
				GCC_DYNAMIC_NO_PIC = NO;
				GCC_NO_COMMON_BLOCKS = YES;
				GCC_OPTIMIZATION_LEVEL = 0;
				GCC_PREPROCESSOR_DEFINITIONS = (
					"DEBUG=1",
					"$(inherited)",
				);
				GCC_SYMBOLS_PRIVATE_EXTERN = NO;
				GCC_WARN_64_TO_32_BIT_CONVERSION = YES;
				GCC_WARN_ABOUT_RETURN_TYPE = YES_ERROR;
				GCC_WARN_UNDECLARED_SELECTOR = YES;
				GCC_WARN_UNINITIALIZED_AUTOS = YES_AGGRESSIVE;
				GCC_WARN_UNUSED_FUNCTION = YES;
				GCC_WARN_UNUSED_VARIABLE = YES;
				IPHONEOS_DEPLOYMENT_TARGET = 9.3;
				MTL_ENABLE_DEBUG_INFO = YES;
				ONLY_ACTIVE_ARCH = YES;
				SDKROOT = iphoneos;
				SWIFT_OPTIMIZATION_LEVEL = "-Onone";
			};
			name = Debug;
		};
		607FACEE1AFB9204008FA782 /* Release */ = {
			isa = XCBuildConfiguration;
			buildSettings = {
				ALWAYS_SEARCH_USER_PATHS = NO;
				CLANG_CXX_LANGUAGE_STANDARD = "gnu++0x";
				CLANG_CXX_LIBRARY = "libc++";
				CLANG_ENABLE_MODULES = YES;
				CLANG_ENABLE_OBJC_ARC = YES;
				CLANG_WARN_BLOCK_CAPTURE_AUTORELEASING = YES;
				CLANG_WARN_BOOL_CONVERSION = YES;
				CLANG_WARN_COMMA = YES;
				CLANG_WARN_CONSTANT_CONVERSION = YES;
				CLANG_WARN_DIRECT_OBJC_ISA_USAGE = YES_ERROR;
				CLANG_WARN_EMPTY_BODY = YES;
				CLANG_WARN_ENUM_CONVERSION = YES;
				CLANG_WARN_INFINITE_RECURSION = YES;
				CLANG_WARN_INT_CONVERSION = YES;
				CLANG_WARN_NON_LITERAL_NULL_CONVERSION = YES;
				CLANG_WARN_OBJC_LITERAL_CONVERSION = YES;
				CLANG_WARN_OBJC_ROOT_CLASS = YES_ERROR;
				CLANG_WARN_RANGE_LOOP_ANALYSIS = YES;
				CLANG_WARN_STRICT_PROTOTYPES = YES;
				CLANG_WARN_SUSPICIOUS_MOVE = YES;
				CLANG_WARN_UNREACHABLE_CODE = YES;
				CLANG_WARN__DUPLICATE_METHOD_MATCH = YES;
				"CODE_SIGN_IDENTITY[sdk=iphoneos*]" = "iPhone Developer";
				COPY_PHASE_STRIP = NO;
				DEBUG_INFORMATION_FORMAT = "dwarf-with-dsym";
				ENABLE_NS_ASSERTIONS = NO;
				ENABLE_STRICT_OBJC_MSGSEND = YES;
				GCC_C_LANGUAGE_STANDARD = gnu99;
				GCC_NO_COMMON_BLOCKS = YES;
				GCC_WARN_64_TO_32_BIT_CONVERSION = YES;
				GCC_WARN_ABOUT_RETURN_TYPE = YES_ERROR;
				GCC_WARN_UNDECLARED_SELECTOR = YES;
				GCC_WARN_UNINITIALIZED_AUTOS = YES_AGGRESSIVE;
				GCC_WARN_UNUSED_FUNCTION = YES;
				GCC_WARN_UNUSED_VARIABLE = YES;
				IPHONEOS_DEPLOYMENT_TARGET = 9.3;
				MTL_ENABLE_DEBUG_INFO = NO;
				SDKROOT = iphoneos;
				SWIFT_OPTIMIZATION_LEVEL = "-Owholemodule";
				VALIDATE_PRODUCT = YES;
			};
			name = Release;
		};
		607FACF01AFB9204008FA782 /* Debug */ = {
			isa = XCBuildConfiguration;
			baseConfigurationReference = DD0B763467950DDAAF941FD0 /* Pods-HUPageController_Example.debug.xcconfig */;
			buildSettings = {
				ASSETCATALOG_COMPILER_APPICON_NAME = AppIcon;
				DEVELOPMENT_TEAM = C9W3BE9Q7S;
				INFOPLIST_FILE = HUPageController/Info.plist;
				IPHONEOS_DEPLOYMENT_TARGET = 8.0;
				LD_RUNPATH_SEARCH_PATHS = "$(inherited) @executable_path/Frameworks";
				MODULE_NAME = ExampleApp;
				PRODUCT_BUNDLE_IDENTIFIER = com.startimes.test;
				PRODUCT_NAME = "$(TARGET_NAME)";
				SWIFT_SWIFT3_OBJC_INFERENCE = Default;
				SWIFT_VERSION = 3.0;
			};
			name = Debug;
		};
		607FACF11AFB9204008FA782 /* Release */ = {
			isa = XCBuildConfiguration;
			baseConfigurationReference = B165CBE1AA89AFBA4F602661 /* Pods-HUPageController_Example.release.xcconfig */;
			buildSettings = {
				ASSETCATALOG_COMPILER_APPICON_NAME = AppIcon;
				DEVELOPMENT_TEAM = C9W3BE9Q7S;
				INFOPLIST_FILE = HUPageController/Info.plist;
				IPHONEOS_DEPLOYMENT_TARGET = 8.0;
				LD_RUNPATH_SEARCH_PATHS = "$(inherited) @executable_path/Frameworks";
				MODULE_NAME = ExampleApp;
				PRODUCT_BUNDLE_IDENTIFIER = com.startimes.test;
				PRODUCT_NAME = "$(TARGET_NAME)";
				SWIFT_SWIFT3_OBJC_INFERENCE = Default;
				SWIFT_VERSION = 3.0;
			};
			name = Release;
		};
		607FACF31AFB9204008FA782 /* Debug */ = {
			isa = XCBuildConfiguration;
			baseConfigurationReference = C9318EB2CC901D8E7B2D874D /* Pods-HUPageController_Tests.debug.xcconfig */;
			buildSettings = {
				DEVELOPMENT_TEAM = C9W3BE9Q7S;
				FRAMEWORK_SEARCH_PATHS = (
					"$(SDKROOT)/Developer/Library/Frameworks",
					"$(inherited)",
				);
				GCC_PREPROCESSOR_DEFINITIONS = (
					"DEBUG=1",
					"$(inherited)",
				);
				INFOPLIST_FILE = Tests/Info.plist;
				LD_RUNPATH_SEARCH_PATHS = "$(inherited) @executable_path/Frameworks @loader_path/Frameworks";
				PRODUCT_BUNDLE_IDENTIFIER = "org.cocoapods.$(PRODUCT_NAME:rfc1034identifier)";
				PRODUCT_NAME = "$(TARGET_NAME)";
				SWIFT_SWIFT3_OBJC_INFERENCE = Default;
				SWIFT_VERSION = 4.0;
			};
			name = Debug;
		};
		607FACF41AFB9204008FA782 /* Release */ = {
			isa = XCBuildConfiguration;
			baseConfigurationReference = 8ECB3CCDD1647C5745B58998 /* Pods-HUPageController_Tests.release.xcconfig */;
			buildSettings = {
				DEVELOPMENT_TEAM = C9W3BE9Q7S;
				FRAMEWORK_SEARCH_PATHS = (
					"$(SDKROOT)/Developer/Library/Frameworks",
					"$(inherited)",
				);
				INFOPLIST_FILE = Tests/Info.plist;
				LD_RUNPATH_SEARCH_PATHS = "$(inherited) @executable_path/Frameworks @loader_path/Frameworks";
				PRODUCT_BUNDLE_IDENTIFIER = "org.cocoapods.$(PRODUCT_NAME:rfc1034identifier)";
				PRODUCT_NAME = "$(TARGET_NAME)";
				SWIFT_SWIFT3_OBJC_INFERENCE = Default;
				SWIFT_VERSION = 4.0;
			};
			name = Release;
		};
/* End XCBuildConfiguration section */

/* Begin XCConfigurationList section */
		607FACCB1AFB9204008FA782 /* Build configuration list for PBXProject "HUPageController" */ = {
			isa = XCConfigurationList;
			buildConfigurations = (
				607FACED1AFB9204008FA782 /* Debug */,
				607FACEE1AFB9204008FA782 /* Release */,
			);
			defaultConfigurationIsVisible = 0;
			defaultConfigurationName = Release;
		};
		607FACEF1AFB9204008FA782 /* Build configuration list for PBXNativeTarget "HUPageController_Example" */ = {
			isa = XCConfigurationList;
			buildConfigurations = (
				607FACF01AFB9204008FA782 /* Debug */,
				607FACF11AFB9204008FA782 /* Release */,
			);
			defaultConfigurationIsVisible = 0;
			defaultConfigurationName = Release;
		};
		607FACF21AFB9204008FA782 /* Build configuration list for PBXNativeTarget "HUPageController_Tests" */ = {
			isa = XCConfigurationList;
			buildConfigurations = (
				607FACF31AFB9204008FA782 /* Debug */,
				607FACF41AFB9204008FA782 /* Release */,
			);
			defaultConfigurationIsVisible = 0;
			defaultConfigurationName = Release;
		};
/* End XCConfigurationList section */
	};
	rootObject = 607FACC81AFB9204008FA782 /* Project object */;
}
